// !$*UTF8*$!
{
	archiveVersion = 1;
	classes = {
	};
	objectVersion = 46;
	objects = {

/* Begin PBXBuildFile section */
		384422101D4A5F9B007B44FA /* VariableExtensions.swift in Sources */ = {isa = PBXBuildFile; fileRef = 3844220F1D4A5F9B007B44FA /* VariableExtensions.swift */; };
		385736C51D4B40F700C8D772 /* Coordinates.swift in Sources */ = {isa = PBXBuildFile; fileRef = 385736C41D4B40F700C8D772 /* Coordinates.swift */; };
		385736CA1D4B418600C8D772 /* CoordinatesMapper.swift in Sources */ = {isa = PBXBuildFile; fileRef = 385736C91D4B418600C8D772 /* CoordinatesMapper.swift */; };
		385736CD1D4B434700C8D772 /* StopPoint.swift in Sources */ = {isa = PBXBuildFile; fileRef = 385736CC1D4B434700C8D772 /* StopPoint.swift */; };
		385736CF1D4B437E00C8D772 /* StopPointPushpin.swift in Sources */ = {isa = PBXBuildFile; fileRef = 385736CE1D4B437E00C8D772 /* StopPointPushpin.swift */; };
		385736D11D4B43C500C8D772 /* StopPointPushpinMapper.swift in Sources */ = {isa = PBXBuildFile; fileRef = 385736D01D4B43C500C8D772 /* StopPointPushpinMapper.swift */; };
		385736D51D4B463B00C8D772 /* StopPointMapper.swift in Sources */ = {isa = PBXBuildFile; fileRef = 385736D41D4B463B00C8D772 /* StopPointMapper.swift */; };
		385736D91D4B470A00C8D772 /* GetStopPointPushpinsQuery.swift in Sources */ = {isa = PBXBuildFile; fileRef = 385736D71D4B470A00C8D772 /* GetStopPointPushpinsQuery.swift */; };
		385736DA1D4B470A00C8D772 /* GetStopPointPushpinsQueryHandler.swift in Sources */ = {isa = PBXBuildFile; fileRef = 385736D81D4B470A00C8D772 /* GetStopPointPushpinsQueryHandler.swift */; };
		385736DC1D4B47B300C8D772 /* ApiConfig.swift in Sources */ = {isa = PBXBuildFile; fileRef = 385736DB1D4B47B300C8D772 /* ApiConfig.swift */; };
		385736DE1D4B4A1A00C8D772 /* PekaHttpHeadersProvider.swift in Sources */ = {isa = PBXBuildFile; fileRef = 385736DD1D4B4A1A00C8D772 /* PekaHttpHeadersProvider.swift */; };
		385736E61D4B4BC700C8D772 /* StreetMapper.swift in Sources */ = {isa = PBXBuildFile; fileRef = 385736E51D4B4BC700C8D772 /* StreetMapper.swift */; };
		385736E81D4B4C1E00C8D772 /* LineMapper.swift in Sources */ = {isa = PBXBuildFile; fileRef = 385736E71D4B4C1E00C8D772 /* LineMapper.swift */; };
		385736EA1D4B4C6800C8D772 /* SearchResult.swift in Sources */ = {isa = PBXBuildFile; fileRef = 385736E91D4B4C6800C8D772 /* SearchResult.swift */; };
		385736EF1D4B4CFC00C8D772 /* SearchQuery.swift in Sources */ = {isa = PBXBuildFile; fileRef = 385736ED1D4B4CFC00C8D772 /* SearchQuery.swift */; };
		385736F01D4B4CFC00C8D772 /* SearchQueryHandler.swift in Sources */ = {isa = PBXBuildFile; fileRef = 385736EE1D4B4CFC00C8D772 /* SearchQueryHandler.swift */; };
		385736F41D4B4F0E00C8D772 /* ResponseMapper.swift in Sources */ = {isa = PBXBuildFile; fileRef = 385736F31D4B4F0E00C8D772 /* ResponseMapper.swift */; };
		385736F61D4B531A00C8D772 /* RequestBodyBuilder.swift in Sources */ = {isa = PBXBuildFile; fileRef = 385736F51D4B531A00C8D772 /* RequestBodyBuilder.swift */; };
		385736F81D4B56AA00C8D772 /* PekaApiProviderExtension.swift in Sources */ = {isa = PBXBuildFile; fileRef = 385736F71D4B56AA00C8D772 /* PekaApiProviderExtension.swift */; };
		385736FA1D4B59D800C8D772 /* StopPointsToSearchResultsConverter.swift in Sources */ = {isa = PBXBuildFile; fileRef = 385736F91D4B59D800C8D772 /* StopPointsToSearchResultsConverter.swift */; };
		385736FC1D4B5A5700C8D772 /* LinesToSearchResultsConverter.swift in Sources */ = {isa = PBXBuildFile; fileRef = 385736FB1D4B5A5700C8D772 /* LinesToSearchResultsConverter.swift */; };
		385736FE1D4B5A9600C8D772 /* StreetsToSearchResultsConverter.swift in Sources */ = {isa = PBXBuildFile; fileRef = 385736FD1D4B5A9600C8D772 /* StreetsToSearchResultsConverter.swift */; };
		38DAC1C51D4A49F4001DF664 /* AppDelegate.swift in Sources */ = {isa = PBXBuildFile; fileRef = 38DAC1C41D4A49F4001DF664 /* AppDelegate.swift */; };
		38DAC1CC1D4A49F4001DF664 /* Assets.xcassets in Resources */ = {isa = PBXBuildFile; fileRef = 38DAC1CB1D4A49F4001DF664 /* Assets.xcassets */; };
		38DAC1CF1D4A49F4001DF664 /* LaunchScreen.storyboard in Resources */ = {isa = PBXBuildFile; fileRef = 38DAC1CD1D4A49F4001DF664 /* LaunchScreen.storyboard */; };
		38DAC1F81D4A4B24001DF664 /* Start.storyboard in Resources */ = {isa = PBXBuildFile; fileRef = 38DAC1F41D4A4B24001DF664 /* Start.storyboard */; };
		38DAC1F91D4A4B24001DF664 /* StartViewConfigurator.swift in Sources */ = {isa = PBXBuildFile; fileRef = 38DAC1F51D4A4B24001DF664 /* StartViewConfigurator.swift */; };
		38DAC1FA1D4A4B24001DF664 /* StartViewController.swift in Sources */ = {isa = PBXBuildFile; fileRef = 38DAC1F61D4A4B24001DF664 /* StartViewController.swift */; };
		38DAC1FB1D4A4B24001DF664 /* StartViewModel.swift in Sources */ = {isa = PBXBuildFile; fileRef = 38DAC1F71D4A4B24001DF664 /* StartViewModel.swift */; };
		38DAC2001D4A4B7D001DF664 /* Hub.storyboard in Resources */ = {isa = PBXBuildFile; fileRef = 38DAC1FC1D4A4B7D001DF664 /* Hub.storyboard */; };
		38DAC2011D4A4B7D001DF664 /* HubViewConfigurator.swift in Sources */ = {isa = PBXBuildFile; fileRef = 38DAC1FD1D4A4B7D001DF664 /* HubViewConfigurator.swift */; };
		38DAC2021D4A4B7D001DF664 /* HubViewController.swift in Sources */ = {isa = PBXBuildFile; fileRef = 38DAC1FE1D4A4B7D001DF664 /* HubViewController.swift */; };
		38DAC2031D4A4B7D001DF664 /* HubViewModel.swift in Sources */ = {isa = PBXBuildFile; fileRef = 38DAC1FF1D4A4B7D001DF664 /* HubViewModel.swift */; };
		38F391511D4A523F005F4A42 /* Box.swift in Sources */ = {isa = PBXBuildFile; fileRef = 38F391501D4A523F005F4A42 /* Box.swift */; };
		38F391531D4A525C005F4A42 /* Configurable.swift in Sources */ = {isa = PBXBuildFile; fileRef = 38F391521D4A525C005F4A42 /* Configurable.swift */; };
		38F391551D4A5271005F4A42 /* Convertible.swift in Sources */ = {isa = PBXBuildFile; fileRef = 38F391541D4A5271005F4A42 /* Convertible.swift */; };
		38F391571D4A528A005F4A42 /* NibLoadableView.swift in Sources */ = {isa = PBXBuildFile; fileRef = 38F391561D4A528A005F4A42 /* NibLoadableView.swift */; };
		38F391591D4A52A6005F4A42 /* XibLoader.swift in Sources */ = {isa = PBXBuildFile; fileRef = 38F391581D4A52A6005F4A42 /* XibLoader.swift */; };
		38F3915B1D4A52C0005F4A42 /* ReusableView.swift in Sources */ = {isa = PBXBuildFile; fileRef = 38F3915A1D4A52C0005F4A42 /* ReusableView.swift */; };
		38F3915D1D4A52DF005F4A42 /* SegueHandler.swift in Sources */ = {isa = PBXBuildFile; fileRef = 38F3915C1D4A52DF005F4A42 /* SegueHandler.swift */; };
		38F391611D4A53A9005F4A42 /* ArrayExtensions.swift in Sources */ = {isa = PBXBuildFile; fileRef = 38F391601D4A53A9005F4A42 /* ArrayExtensions.swift */; };
		38F391631D4A54F3005F4A42 /* Filtering.swift in Sources */ = {isa = PBXBuildFile; fileRef = 38F391621D4A54F3005F4A42 /* Filtering.swift */; };
		38F391651D4A560D005F4A42 /* UICollectionViewExtensions.swift in Sources */ = {isa = PBXBuildFile; fileRef = 38F391641D4A560D005F4A42 /* UICollectionViewExtensions.swift */; };
		38F391671D4A5645005F4A42 /* UITableViewExtensions.swift in Sources */ = {isa = PBXBuildFile; fileRef = 38F391661D4A5645005F4A42 /* UITableViewExtensions.swift */; };
		38F391691D4A5664005F4A42 /* ObservableExtensions.swift in Sources */ = {isa = PBXBuildFile; fileRef = 38F391681D4A5664005F4A42 /* ObservableExtensions.swift */; };
		38F3916C1D4A56ED005F4A42 /* HttpHeadersProvider.swift in Sources */ = {isa = PBXBuildFile; fileRef = 38F3916B1D4A56ED005F4A42 /* HttpHeadersProvider.swift */; };
		38F3916E1D4A5702005F4A42 /* HttpBodyParameter.swift in Sources */ = {isa = PBXBuildFile; fileRef = 38F3916D1D4A5702005F4A42 /* HttpBodyParameter.swift */; };
		38F391701D4A576C005F4A42 /* HttpMethod.swift in Sources */ = {isa = PBXBuildFile; fileRef = 38F3916F1D4A576C005F4A42 /* HttpMethod.swift */; };
		38F391721D4A57A0005F4A42 /* HttpResponseCode.swift in Sources */ = {isa = PBXBuildFile; fileRef = 38F391711D4A57A0005F4A42 /* HttpResponseCode.swift */; };
		38F391741D4A57DD005F4A42 /* RequestBuilder.swift in Sources */ = {isa = PBXBuildFile; fileRef = 38F391731D4A57DD005F4A42 /* RequestBuilder.swift */; };
		38F391761D4A5814005F4A42 /* StringExtensions.swift in Sources */ = {isa = PBXBuildFile; fileRef = 38F391751D4A5814005F4A42 /* StringExtensions.swift */; };
		38F3917A1D4A58D9005F4A42 /* Query.swift in Sources */ = {isa = PBXBuildFile; fileRef = 38F391781D4A58D9005F4A42 /* Query.swift */; };
		38F3917B1D4A58D9005F4A42 /* QueryHandler.swift in Sources */ = {isa = PBXBuildFile; fileRef = 38F391791D4A58D9005F4A42 /* QueryHandler.swift */; };
		38F3917E1D4A58EE005F4A42 /* Command.swift in Sources */ = {isa = PBXBuildFile; fileRef = 38F3917C1D4A58EE005F4A42 /* Command.swift */; };
		38F3917F1D4A58EE005F4A42 /* CommandHandler.swift in Sources */ = {isa = PBXBuildFile; fileRef = 38F3917D1D4A58EE005F4A42 /* CommandHandler.swift */; };
		38F391811D4A58F9005F4A42 /* Executor.swift in Sources */ = {isa = PBXBuildFile; fileRef = 38F391801D4A58F9005F4A42 /* Executor.swift */; };
		38F391831D4A5952005F4A42 /* AttributedTextBuilder.swift in Sources */ = {isa = PBXBuildFile; fileRef = 38F391821D4A5952005F4A42 /* AttributedTextBuilder.swift */; };
		38F391861D4A59BC005F4A42 /* ObjectMappable.swift in Sources */ = {isa = PBXBuildFile; fileRef = 38F391851D4A59BC005F4A42 /* ObjectMappable.swift */; };
		38F391881D4A59DE005F4A42 /* JsonMappable.swift in Sources */ = {isa = PBXBuildFile; fileRef = 38F391871D4A59DE005F4A42 /* JsonMappable.swift */; };
		38F3918A1D4A59E9005F4A42 /* NoContentMapper.swift in Sources */ = {isa = PBXBuildFile; fileRef = 38F391891D4A59E9005F4A42 /* NoContentMapper.swift */; };
		38F3918C1D4A59FF005F4A42 /* ArrayMapper.swift in Sources */ = {isa = PBXBuildFile; fileRef = 38F3918B1D4A59FF005F4A42 /* ArrayMapper.swift */; };
		38F3918E1D4A5AE2005F4A42 /* RestApiProvider.swift in Sources */ = {isa = PBXBuildFile; fileRef = 38F3918D1D4A5AE2005F4A42 /* RestApiProvider.swift */; };
		38F391901D4A5B28005F4A42 /* ApiProvider.swift in Sources */ = {isa = PBXBuildFile; fileRef = 38F3918F1D4A5B28005F4A42 /* ApiProvider.swift */; };
		38F391921D4A5C5D005F4A42 /* ApiProviderError.swift in Sources */ = {isa = PBXBuildFile; fileRef = 38F391911D4A5C5D005F4A42 /* ApiProviderError.swift */; };
		38F391941D4A5CBA005F4A42 /* NSMutableDataExtensions.swift in Sources */ = {isa = PBXBuildFile; fileRef = 38F391931D4A5CBA005F4A42 /* NSMutableDataExtensions.swift */; };
		38F391961D4A5CFF005F4A42 /* SwinjectContainerExtensions.swift in Sources */ = {isa = PBXBuildFile; fileRef = 38F391951D4A5CFF005F4A42 /* SwinjectContainerExtensions.swift */; };
		38F391981D4A5D1F005F4A42 /* DependencyInstaller.swift in Sources */ = {isa = PBXBuildFile; fileRef = 38F391971D4A5D1F005F4A42 /* DependencyInstaller.swift */; };
		DDCA5DF07725D04D42D3BC28 /* Pods_pekaTests.framework in Frameworks */ = {isa = PBXBuildFile; fileRef = 9EA520050966D3BB131EDAFE /* Pods_pekaTests.framework */; };
		F58146E762DAE6DA0ACC5F91 /* Pods_peka.framework in Frameworks */ = {isa = PBXBuildFile; fileRef = 0C69FE4B7E69D0F004F07DB7 /* Pods_peka.framework */; };
/* End PBXBuildFile section */

/* Begin PBXContainerItemProxy section */
		38DAC1D61D4A49F4001DF664 /* PBXContainerItemProxy */ = {
			isa = PBXContainerItemProxy;
			containerPortal = 38DAC1B91D4A49F4001DF664 /* Project object */;
			proxyType = 1;
			remoteGlobalIDString = 38DAC1C01D4A49F4001DF664;
			remoteInfo = peka;
		};
/* End PBXContainerItemProxy section */

/* Begin PBXFileReference section */
		0C69FE4B7E69D0F004F07DB7 /* Pods_peka.framework */ = {isa = PBXFileReference; explicitFileType = wrapper.framework; includeInIndex = 0; path = Pods_peka.framework; sourceTree = BUILT_PRODUCTS_DIR; };
		263E1854A96347164565C55F /* Pods-pekaTests.debug.xcconfig */ = {isa = PBXFileReference; includeInIndex = 1; lastKnownFileType = text.xcconfig; name = "Pods-pekaTests.debug.xcconfig"; path = "Pods/Target Support Files/Pods-pekaTests/Pods-pekaTests.debug.xcconfig"; sourceTree = "<group>"; };
		3844220F1D4A5F9B007B44FA /* VariableExtensions.swift */ = {isa = PBXFileReference; fileEncoding = 4; lastKnownFileType = sourcecode.swift; path = VariableExtensions.swift; sourceTree = "<group>"; };
		385736C41D4B40F700C8D772 /* Coordinates.swift */ = {isa = PBXFileReference; fileEncoding = 4; lastKnownFileType = sourcecode.swift; path = Coordinates.swift; sourceTree = "<group>"; };
		385736C91D4B418600C8D772 /* CoordinatesMapper.swift */ = {isa = PBXFileReference; fileEncoding = 4; lastKnownFileType = sourcecode.swift; path = CoordinatesMapper.swift; sourceTree = "<group>"; };
		385736CC1D4B434700C8D772 /* StopPoint.swift */ = {isa = PBXFileReference; fileEncoding = 4; lastKnownFileType = sourcecode.swift; path = StopPoint.swift; sourceTree = "<group>"; };
		385736CE1D4B437E00C8D772 /* StopPointPushpin.swift */ = {isa = PBXFileReference; fileEncoding = 4; lastKnownFileType = sourcecode.swift; path = StopPointPushpin.swift; sourceTree = "<group>"; };
		385736D01D4B43C500C8D772 /* StopPointPushpinMapper.swift */ = {isa = PBXFileReference; fileEncoding = 4; lastKnownFileType = sourcecode.swift; path = StopPointPushpinMapper.swift; sourceTree = "<group>"; };
		385736D41D4B463B00C8D772 /* StopPointMapper.swift */ = {isa = PBXFileReference; fileEncoding = 4; lastKnownFileType = sourcecode.swift; path = StopPointMapper.swift; sourceTree = "<group>"; };
		385736D71D4B470A00C8D772 /* GetStopPointPushpinsQuery.swift */ = {isa = PBXFileReference; fileEncoding = 4; lastKnownFileType = sourcecode.swift; path = GetStopPointPushpinsQuery.swift; sourceTree = "<group>"; };
		385736D81D4B470A00C8D772 /* GetStopPointPushpinsQueryHandler.swift */ = {isa = PBXFileReference; fileEncoding = 4; lastKnownFileType = sourcecode.swift; path = GetStopPointPushpinsQueryHandler.swift; sourceTree = "<group>"; };
		385736DB1D4B47B300C8D772 /* ApiConfig.swift */ = {isa = PBXFileReference; fileEncoding = 4; lastKnownFileType = sourcecode.swift; path = ApiConfig.swift; sourceTree = "<group>"; };
		385736DD1D4B4A1A00C8D772 /* PekaHttpHeadersProvider.swift */ = {isa = PBXFileReference; fileEncoding = 4; lastKnownFileType = sourcecode.swift; path = PekaHttpHeadersProvider.swift; sourceTree = "<group>"; };
		385736E51D4B4BC700C8D772 /* StreetMapper.swift */ = {isa = PBXFileReference; fileEncoding = 4; lastKnownFileType = sourcecode.swift; path = StreetMapper.swift; sourceTree = "<group>"; };
		385736E71D4B4C1E00C8D772 /* LineMapper.swift */ = {isa = PBXFileReference; fileEncoding = 4; lastKnownFileType = sourcecode.swift; path = LineMapper.swift; sourceTree = "<group>"; };
		385736E91D4B4C6800C8D772 /* SearchResult.swift */ = {isa = PBXFileReference; fileEncoding = 4; lastKnownFileType = sourcecode.swift; path = SearchResult.swift; sourceTree = "<group>"; };
		385736ED1D4B4CFC00C8D772 /* SearchQuery.swift */ = {isa = PBXFileReference; fileEncoding = 4; lastKnownFileType = sourcecode.swift; path = SearchQuery.swift; sourceTree = "<group>"; };
		385736EE1D4B4CFC00C8D772 /* SearchQueryHandler.swift */ = {isa = PBXFileReference; fileEncoding = 4; lastKnownFileType = sourcecode.swift; path = SearchQueryHandler.swift; sourceTree = "<group>"; };
		385736F31D4B4F0E00C8D772 /* ResponseMapper.swift */ = {isa = PBXFileReference; fileEncoding = 4; lastKnownFileType = sourcecode.swift; path = ResponseMapper.swift; sourceTree = "<group>"; };
		385736F51D4B531A00C8D772 /* RequestBodyBuilder.swift */ = {isa = PBXFileReference; fileEncoding = 4; lastKnownFileType = sourcecode.swift; path = RequestBodyBuilder.swift; sourceTree = "<group>"; };
		385736F71D4B56AA00C8D772 /* PekaApiProviderExtension.swift */ = {isa = PBXFileReference; fileEncoding = 4; lastKnownFileType = sourcecode.swift; path = PekaApiProviderExtension.swift; sourceTree = "<group>"; };
		385736F91D4B59D800C8D772 /* StopPointsToSearchResultsConverter.swift */ = {isa = PBXFileReference; fileEncoding = 4; lastKnownFileType = sourcecode.swift; path = StopPointsToSearchResultsConverter.swift; sourceTree = "<group>"; };
		385736FB1D4B5A5700C8D772 /* LinesToSearchResultsConverter.swift */ = {isa = PBXFileReference; fileEncoding = 4; lastKnownFileType = sourcecode.swift; path = LinesToSearchResultsConverter.swift; sourceTree = "<group>"; };
		385736FD1D4B5A9600C8D772 /* StreetsToSearchResultsConverter.swift */ = {isa = PBXFileReference; fileEncoding = 4; lastKnownFileType = sourcecode.swift; path = StreetsToSearchResultsConverter.swift; sourceTree = "<group>"; };
		38DAC1C11D4A49F4001DF664 /* peka.app */ = {isa = PBXFileReference; explicitFileType = wrapper.application; includeInIndex = 0; path = peka.app; sourceTree = BUILT_PRODUCTS_DIR; };
		38DAC1C41D4A49F4001DF664 /* AppDelegate.swift */ = {isa = PBXFileReference; lastKnownFileType = sourcecode.swift; path = AppDelegate.swift; sourceTree = "<group>"; };
		38DAC1CB1D4A49F4001DF664 /* Assets.xcassets */ = {isa = PBXFileReference; lastKnownFileType = folder.assetcatalog; path = Assets.xcassets; sourceTree = "<group>"; };
		38DAC1CE1D4A49F4001DF664 /* Base */ = {isa = PBXFileReference; lastKnownFileType = file.storyboard; name = Base; path = Base.lproj/LaunchScreen.storyboard; sourceTree = "<group>"; };
		38DAC1D01D4A49F4001DF664 /* Info.plist */ = {isa = PBXFileReference; lastKnownFileType = text.plist.xml; path = Info.plist; sourceTree = "<group>"; };
		38DAC1D51D4A49F4001DF664 /* pekaTests.xctest */ = {isa = PBXFileReference; explicitFileType = wrapper.cfbundle; includeInIndex = 0; path = pekaTests.xctest; sourceTree = BUILT_PRODUCTS_DIR; };
		38DAC1DB1D4A49F4001DF664 /* Info.plist */ = {isa = PBXFileReference; lastKnownFileType = text.plist.xml; path = Info.plist; sourceTree = "<group>"; };
		38DAC1F41D4A4B24001DF664 /* Start.storyboard */ = {isa = PBXFileReference; fileEncoding = 4; lastKnownFileType = file.storyboard; path = Start.storyboard; sourceTree = "<group>"; };
		38DAC1F51D4A4B24001DF664 /* StartViewConfigurator.swift */ = {isa = PBXFileReference; fileEncoding = 4; lastKnownFileType = sourcecode.swift; path = StartViewConfigurator.swift; sourceTree = "<group>"; };
		38DAC1F61D4A4B24001DF664 /* StartViewController.swift */ = {isa = PBXFileReference; fileEncoding = 4; lastKnownFileType = sourcecode.swift; path = StartViewController.swift; sourceTree = "<group>"; };
		38DAC1F71D4A4B24001DF664 /* StartViewModel.swift */ = {isa = PBXFileReference; fileEncoding = 4; lastKnownFileType = sourcecode.swift; path = StartViewModel.swift; sourceTree = "<group>"; };
		38DAC1FC1D4A4B7D001DF664 /* Hub.storyboard */ = {isa = PBXFileReference; fileEncoding = 4; lastKnownFileType = file.storyboard; path = Hub.storyboard; sourceTree = "<group>"; };
		38DAC1FD1D4A4B7D001DF664 /* HubViewConfigurator.swift */ = {isa = PBXFileReference; fileEncoding = 4; lastKnownFileType = sourcecode.swift; path = HubViewConfigurator.swift; sourceTree = "<group>"; };
		38DAC1FE1D4A4B7D001DF664 /* HubViewController.swift */ = {isa = PBXFileReference; fileEncoding = 4; lastKnownFileType = sourcecode.swift; path = HubViewController.swift; sourceTree = "<group>"; };
		38DAC1FF1D4A4B7D001DF664 /* HubViewModel.swift */ = {isa = PBXFileReference; fileEncoding = 4; lastKnownFileType = sourcecode.swift; path = HubViewModel.swift; sourceTree = "<group>"; };
		38F391501D4A523F005F4A42 /* Box.swift */ = {isa = PBXFileReference; fileEncoding = 4; lastKnownFileType = sourcecode.swift; path = Box.swift; sourceTree = "<group>"; };
		38F391521D4A525C005F4A42 /* Configurable.swift */ = {isa = PBXFileReference; fileEncoding = 4; lastKnownFileType = sourcecode.swift; path = Configurable.swift; sourceTree = "<group>"; };
		38F391541D4A5271005F4A42 /* Convertible.swift */ = {isa = PBXFileReference; fileEncoding = 4; lastKnownFileType = sourcecode.swift; path = Convertible.swift; sourceTree = "<group>"; };
		38F391561D4A528A005F4A42 /* NibLoadableView.swift */ = {isa = PBXFileReference; fileEncoding = 4; lastKnownFileType = sourcecode.swift; path = NibLoadableView.swift; sourceTree = "<group>"; };
		38F391581D4A52A6005F4A42 /* XibLoader.swift */ = {isa = PBXFileReference; fileEncoding = 4; lastKnownFileType = sourcecode.swift; path = XibLoader.swift; sourceTree = "<group>"; };
		38F3915A1D4A52C0005F4A42 /* ReusableView.swift */ = {isa = PBXFileReference; fileEncoding = 4; lastKnownFileType = sourcecode.swift; path = ReusableView.swift; sourceTree = "<group>"; };
		38F3915C1D4A52DF005F4A42 /* SegueHandler.swift */ = {isa = PBXFileReference; fileEncoding = 4; lastKnownFileType = sourcecode.swift; path = SegueHandler.swift; sourceTree = "<group>"; };
		38F391601D4A53A9005F4A42 /* ArrayExtensions.swift */ = {isa = PBXFileReference; fileEncoding = 4; lastKnownFileType = sourcecode.swift; path = ArrayExtensions.swift; sourceTree = "<group>"; };
		38F391621D4A54F3005F4A42 /* Filtering.swift */ = {isa = PBXFileReference; fileEncoding = 4; lastKnownFileType = sourcecode.swift; path = Filtering.swift; sourceTree = "<group>"; };
		38F391641D4A560D005F4A42 /* UICollectionViewExtensions.swift */ = {isa = PBXFileReference; fileEncoding = 4; lastKnownFileType = sourcecode.swift; path = UICollectionViewExtensions.swift; sourceTree = "<group>"; };
		38F391661D4A5645005F4A42 /* UITableViewExtensions.swift */ = {isa = PBXFileReference; fileEncoding = 4; lastKnownFileType = sourcecode.swift; path = UITableViewExtensions.swift; sourceTree = "<group>"; };
		38F391681D4A5664005F4A42 /* ObservableExtensions.swift */ = {isa = PBXFileReference; fileEncoding = 4; lastKnownFileType = sourcecode.swift; path = ObservableExtensions.swift; sourceTree = "<group>"; };
		38F3916B1D4A56ED005F4A42 /* HttpHeadersProvider.swift */ = {isa = PBXFileReference; fileEncoding = 4; lastKnownFileType = sourcecode.swift; path = HttpHeadersProvider.swift; sourceTree = "<group>"; };
		38F3916D1D4A5702005F4A42 /* HttpBodyParameter.swift */ = {isa = PBXFileReference; fileEncoding = 4; lastKnownFileType = sourcecode.swift; path = HttpBodyParameter.swift; sourceTree = "<group>"; };
		38F3916F1D4A576C005F4A42 /* HttpMethod.swift */ = {isa = PBXFileReference; fileEncoding = 4; lastKnownFileType = sourcecode.swift; path = HttpMethod.swift; sourceTree = "<group>"; };
		38F391711D4A57A0005F4A42 /* HttpResponseCode.swift */ = {isa = PBXFileReference; fileEncoding = 4; lastKnownFileType = sourcecode.swift; path = HttpResponseCode.swift; sourceTree = "<group>"; };
		38F391731D4A57DD005F4A42 /* RequestBuilder.swift */ = {isa = PBXFileReference; fileEncoding = 4; lastKnownFileType = sourcecode.swift; path = RequestBuilder.swift; sourceTree = "<group>"; };
		38F391751D4A5814005F4A42 /* StringExtensions.swift */ = {isa = PBXFileReference; fileEncoding = 4; lastKnownFileType = sourcecode.swift; path = StringExtensions.swift; sourceTree = "<group>"; };
		38F391781D4A58D9005F4A42 /* Query.swift */ = {isa = PBXFileReference; fileEncoding = 4; lastKnownFileType = sourcecode.swift; path = Query.swift; sourceTree = "<group>"; };
		38F391791D4A58D9005F4A42 /* QueryHandler.swift */ = {isa = PBXFileReference; fileEncoding = 4; lastKnownFileType = sourcecode.swift; path = QueryHandler.swift; sourceTree = "<group>"; };
		38F3917C1D4A58EE005F4A42 /* Command.swift */ = {isa = PBXFileReference; fileEncoding = 4; lastKnownFileType = sourcecode.swift; path = Command.swift; sourceTree = "<group>"; };
		38F3917D1D4A58EE005F4A42 /* CommandHandler.swift */ = {isa = PBXFileReference; fileEncoding = 4; lastKnownFileType = sourcecode.swift; path = CommandHandler.swift; sourceTree = "<group>"; };
		38F391801D4A58F9005F4A42 /* Executor.swift */ = {isa = PBXFileReference; fileEncoding = 4; lastKnownFileType = sourcecode.swift; path = Executor.swift; sourceTree = "<group>"; };
		38F391821D4A5952005F4A42 /* AttributedTextBuilder.swift */ = {isa = PBXFileReference; fileEncoding = 4; lastKnownFileType = sourcecode.swift; path = AttributedTextBuilder.swift; sourceTree = "<group>"; };
		38F391851D4A59BC005F4A42 /* ObjectMappable.swift */ = {isa = PBXFileReference; fileEncoding = 4; lastKnownFileType = sourcecode.swift; path = ObjectMappable.swift; sourceTree = "<group>"; };
		38F391871D4A59DE005F4A42 /* JsonMappable.swift */ = {isa = PBXFileReference; fileEncoding = 4; lastKnownFileType = sourcecode.swift; path = JsonMappable.swift; sourceTree = "<group>"; };
		38F391891D4A59E9005F4A42 /* NoContentMapper.swift */ = {isa = PBXFileReference; fileEncoding = 4; lastKnownFileType = sourcecode.swift; path = NoContentMapper.swift; sourceTree = "<group>"; };
		38F3918B1D4A59FF005F4A42 /* ArrayMapper.swift */ = {isa = PBXFileReference; fileEncoding = 4; lastKnownFileType = sourcecode.swift; path = ArrayMapper.swift; sourceTree = "<group>"; };
		38F3918D1D4A5AE2005F4A42 /* RestApiProvider.swift */ = {isa = PBXFileReference; fileEncoding = 4; lastKnownFileType = sourcecode.swift; path = RestApiProvider.swift; sourceTree = "<group>"; };
		38F3918F1D4A5B28005F4A42 /* ApiProvider.swift */ = {isa = PBXFileReference; fileEncoding = 4; lastKnownFileType = sourcecode.swift; path = ApiProvider.swift; sourceTree = "<group>"; };
		38F391911D4A5C5D005F4A42 /* ApiProviderError.swift */ = {isa = PBXFileReference; fileEncoding = 4; lastKnownFileType = sourcecode.swift; path = ApiProviderError.swift; sourceTree = "<group>"; };
		38F391931D4A5CBA005F4A42 /* NSMutableDataExtensions.swift */ = {isa = PBXFileReference; fileEncoding = 4; lastKnownFileType = sourcecode.swift; path = NSMutableDataExtensions.swift; sourceTree = "<group>"; };
		38F391951D4A5CFF005F4A42 /* SwinjectContainerExtensions.swift */ = {isa = PBXFileReference; fileEncoding = 4; lastKnownFileType = sourcecode.swift; path = SwinjectContainerExtensions.swift; sourceTree = "<group>"; };
		38F391971D4A5D1F005F4A42 /* DependencyInstaller.swift */ = {isa = PBXFileReference; fileEncoding = 4; lastKnownFileType = sourcecode.swift; path = DependencyInstaller.swift; sourceTree = "<group>"; };
		3DD5637EB6E58D6DB8BF16E1 /* Pods-peka.release.xcconfig */ = {isa = PBXFileReference; includeInIndex = 1; lastKnownFileType = text.xcconfig; name = "Pods-peka.release.xcconfig"; path = "Pods/Target Support Files/Pods-peka/Pods-peka.release.xcconfig"; sourceTree = "<group>"; };
		459517C145CE71468CF27A37 /* Pods-peka.debug.xcconfig */ = {isa = PBXFileReference; includeInIndex = 1; lastKnownFileType = text.xcconfig; name = "Pods-peka.debug.xcconfig"; path = "Pods/Target Support Files/Pods-peka/Pods-peka.debug.xcconfig"; sourceTree = "<group>"; };
		9EA520050966D3BB131EDAFE /* Pods_pekaTests.framework */ = {isa = PBXFileReference; explicitFileType = wrapper.framework; includeInIndex = 0; path = Pods_pekaTests.framework; sourceTree = BUILT_PRODUCTS_DIR; };
		F5DB40B2BE57C38384049AA8 /* Pods-pekaTests.release.xcconfig */ = {isa = PBXFileReference; includeInIndex = 1; lastKnownFileType = text.xcconfig; name = "Pods-pekaTests.release.xcconfig"; path = "Pods/Target Support Files/Pods-pekaTests/Pods-pekaTests.release.xcconfig"; sourceTree = "<group>"; };
/* End PBXFileReference section */

/* Begin PBXFrameworksBuildPhase section */
		38DAC1BE1D4A49F4001DF664 /* Frameworks */ = {
			isa = PBXFrameworksBuildPhase;
			buildActionMask = 2147483647;
			files = (
				F58146E762DAE6DA0ACC5F91 /* Pods_peka.framework in Frameworks */,
			);
			runOnlyForDeploymentPostprocessing = 0;
		};
		38DAC1D21D4A49F4001DF664 /* Frameworks */ = {
			isa = PBXFrameworksBuildPhase;
			buildActionMask = 2147483647;
			files = (
				DDCA5DF07725D04D42D3BC28 /* Pods_pekaTests.framework in Frameworks */,
			);
			runOnlyForDeploymentPostprocessing = 0;
		};
/* End PBXFrameworksBuildPhase section */

/* Begin PBXGroup section */
		385736C61D4B415F00C8D772 /* Coordinates */ = {
			isa = PBXGroup;
			children = (
				385736C41D4B40F700C8D772 /* Coordinates.swift */,
				385736C91D4B418600C8D772 /* CoordinatesMapper.swift */,
			);
			path = Coordinates;
			sourceTree = "<group>";
		};
		385736CB1D4B431700C8D772 /* StopPoint */ = {
			isa = PBXGroup;
			children = (
				385736CC1D4B434700C8D772 /* StopPoint.swift */,
				385736CE1D4B437E00C8D772 /* StopPointPushpin.swift */,
				385736D01D4B43C500C8D772 /* StopPointPushpinMapper.swift */,
			);
			path = StopPoint;
			sourceTree = "<group>";
		};
		385736D61D4B46F000C8D772 /* Queries */ = {
			isa = PBXGroup;
			children = (
				385736EB1D4B4CDD00C8D772 /* GetStopPointPushpins */,
				385736EC1D4B4CEC00C8D772 /* Search */,
			);
			path = Queries;
			sourceTree = "<group>";
		};
		385736EB1D4B4CDD00C8D772 /* GetStopPointPushpins */ = {
			isa = PBXGroup;
			children = (
				385736D71D4B470A00C8D772 /* GetStopPointPushpinsQuery.swift */,
				385736D81D4B470A00C8D772 /* GetStopPointPushpinsQueryHandler.swift */,
			);
			path = GetStopPointPushpins;
			sourceTree = "<group>";
		};
		385736EC1D4B4CEC00C8D772 /* Search */ = {
			isa = PBXGroup;
			children = (
				385736ED1D4B4CFC00C8D772 /* SearchQuery.swift */,
				385736EE1D4B4CFC00C8D772 /* SearchQueryHandler.swift */,
			);
			path = Search;
			sourceTree = "<group>";
		};
		38DAC1B81D4A49F4001DF664 = {
			isa = PBXGroup;
			children = (
				D5CB4B0F6A4A0D388E4CE91C /* Frameworks */,
				B1C719E493AEF8D3A3B6330A /* Pods */,
				38DAC1C21D4A49F4001DF664 /* Products */,
				38DAC1C31D4A49F4001DF664 /* peka */,
				38DAC1D81D4A49F4001DF664 /* pekaTests */,
			);
			sourceTree = "<group>";
		};
		38DAC1C21D4A49F4001DF664 /* Products */ = {
			isa = PBXGroup;
			children = (
				38DAC1C11D4A49F4001DF664 /* peka.app */,
				38DAC1D51D4A49F4001DF664 /* pekaTests.xctest */,
			);
			name = Products;
			sourceTree = "<group>";
		};
		38DAC1C31D4A49F4001DF664 /* peka */ = {
			isa = PBXGroup;
			children = (
				38DAC1E41D4A4A0C001DF664 /* BLL */,
				38DAC1E91D4A4A7A001DF664 /* Framework */,
				38DAC1E51D4A4A13001DF664 /* Models */,
				38DAC1E61D4A4A1B001DF664 /* Presentation */,
				38DAC1EA1D4A4A80001DF664 /* Services */,
				38DAC1C41D4A49F4001DF664 /* AppDelegate.swift */,
				38F391971D4A5D1F005F4A42 /* DependencyInstaller.swift */,
				38DAC1D01D4A49F4001DF664 /* Info.plist */,
			);
			path = peka;
			sourceTree = "<group>";
		};
		38DAC1D81D4A49F4001DF664 /* pekaTests */ = {
			isa = PBXGroup;
			children = (
				38DAC1DB1D4A49F4001DF664 /* Info.plist */,
			);
			path = pekaTests;
			sourceTree = "<group>";
		};
		38DAC1E41D4A4A0C001DF664 /* BLL */ = {
			isa = PBXGroup;
			children = (
				385736D61D4B46F000C8D772 /* Queries */,
				385736DB1D4B47B300C8D772 /* ApiConfig.swift */,
			);
			path = BLL;
			sourceTree = "<group>";
		};
		38DAC1E51D4A4A13001DF664 /* Models */ = {
			isa = PBXGroup;
			children = (
				385736C61D4B415F00C8D772 /* Coordinates */,
				385736CB1D4B431700C8D772 /* StopPoint */,
				385736E71D4B4C1E00C8D772 /* LineMapper.swift */,
				385736F31D4B4F0E00C8D772 /* ResponseMapper.swift */,
				385736E91D4B4C6800C8D772 /* SearchResult.swift */,
				385736E51D4B4BC700C8D772 /* StreetMapper.swift */,
			);
			path = Models;
			sourceTree = "<group>";
		};
		38DAC1E61D4A4A1B001DF664 /* Presentation */ = {
			isa = PBXGroup;
			children = (
				38DAC1E71D4A4A2C001DF664 /* Views */,
				38DAC1CB1D4A49F4001DF664 /* Assets.xcassets */,
				38DAC1CD1D4A49F4001DF664 /* LaunchScreen.storyboard */,
			);
			path = Presentation;
			sourceTree = "<group>";
		};
		38DAC1E71D4A4A2C001DF664 /* Views */ = {
			isa = PBXGroup;
			children = (
				38DAC1E81D4A4A31001DF664 /* Hub */,
				38DAC1EB1D4A4AAE001DF664 /* Start */,
			);
			path = Views;
			sourceTree = "<group>";
		};
		38DAC1E81D4A4A31001DF664 /* Hub */ = {
			isa = PBXGroup;
			children = (
				38DAC1FC1D4A4B7D001DF664 /* Hub.storyboard */,
				38DAC1FD1D4A4B7D001DF664 /* HubViewConfigurator.swift */,
				38DAC1FE1D4A4B7D001DF664 /* HubViewController.swift */,
				38DAC1FF1D4A4B7D001DF664 /* HubViewModel.swift */,
			);
			path = Hub;
			sourceTree = "<group>";
		};
		38DAC1E91D4A4A7A001DF664 /* Framework */ = {
			isa = PBXGroup;
			children = (
				38F391771D4A587F005F4A42 /* CQRS */,
				38F3915E1D4A532B005F4A42 /* Converters */,
				38F3915F1D4A534F005F4A42 /* Extensions */,
				38F3914F1D4A521F005F4A42 /* Protocols */,
				38F3916A1D4A56C0005F4A42 /* Rest */,
				38F391821D4A5952005F4A42 /* AttributedTextBuilder.swift */,
				38F391501D4A523F005F4A42 /* Box.swift */,
				385736D41D4B463B00C8D772 /* StopPointMapper.swift */,
				38F391581D4A52A6005F4A42 /* XibLoader.swift */,
			);
			path = Framework;
			sourceTree = "<group>";
		};
		38DAC1EA1D4A4A80001DF664 /* Services */ = {
			isa = PBXGroup;
			children = (
				385736F71D4B56AA00C8D772 /* PekaApiProviderExtension.swift */,
				385736DD1D4B4A1A00C8D772 /* PekaHttpHeadersProvider.swift */,
				385736F51D4B531A00C8D772 /* RequestBodyBuilder.swift */,
			);
			path = Services;
			sourceTree = "<group>";
		};
		38DAC1EB1D4A4AAE001DF664 /* Start */ = {
			isa = PBXGroup;
			children = (
				38DAC1F41D4A4B24001DF664 /* Start.storyboard */,
				38DAC1F51D4A4B24001DF664 /* StartViewConfigurator.swift */,
				38DAC1F61D4A4B24001DF664 /* StartViewController.swift */,
				38DAC1F71D4A4B24001DF664 /* StartViewModel.swift */,
			);
			path = Start;
			sourceTree = "<group>";
		};
		38F3914F1D4A521F005F4A42 /* Protocols */ = {
			isa = PBXGroup;
			children = (
				38F391521D4A525C005F4A42 /* Configurable.swift */,
				38F391541D4A5271005F4A42 /* Convertible.swift */,
				38F391621D4A54F3005F4A42 /* Filtering.swift */,
				38F391561D4A528A005F4A42 /* NibLoadableView.swift */,
				38F3915A1D4A52C0005F4A42 /* ReusableView.swift */,
				38F3915C1D4A52DF005F4A42 /* SegueHandler.swift */,
			);
			path = Protocols;
			sourceTree = "<group>";
		};
		38F3915E1D4A532B005F4A42 /* Converters */ = {
			isa = PBXGroup;
			children = (
				385736FB1D4B5A5700C8D772 /* LinesToSearchResultsConverter.swift */,
				385736F91D4B59D800C8D772 /* StopPointsToSearchResultsConverter.swift */,
				385736FD1D4B5A9600C8D772 /* StreetsToSearchResultsConverter.swift */,
			);
			path = Converters;
			sourceTree = "<group>";
		};
		38F3915F1D4A534F005F4A42 /* Extensions */ = {
			isa = PBXGroup;
			children = (
				38F391601D4A53A9005F4A42 /* ArrayExtensions.swift */,
				38F391931D4A5CBA005F4A42 /* NSMutableDataExtensions.swift */,
				38F391681D4A5664005F4A42 /* ObservableExtensions.swift */,
				38F391751D4A5814005F4A42 /* StringExtensions.swift */,
				38F391951D4A5CFF005F4A42 /* SwinjectContainerExtensions.swift */,
				38F391641D4A560D005F4A42 /* UICollectionViewExtensions.swift */,
				38F391661D4A5645005F4A42 /* UITableViewExtensions.swift */,
				3844220F1D4A5F9B007B44FA /* VariableExtensions.swift */,
			);
			path = Extensions;
			sourceTree = "<group>";
		};
		38F3916A1D4A56C0005F4A42 /* Rest */ = {
			isa = PBXGroup;
			children = (
				38F391841D4A5983005F4A42 /* Mappers */,
				38F3918F1D4A5B28005F4A42 /* ApiProvider.swift */,
				38F391911D4A5C5D005F4A42 /* ApiProviderError.swift */,
				38F3916D1D4A5702005F4A42 /* HttpBodyParameter.swift */,
				38F3916B1D4A56ED005F4A42 /* HttpHeadersProvider.swift */,
				38F3916F1D4A576C005F4A42 /* HttpMethod.swift */,
				38F391711D4A57A0005F4A42 /* HttpResponseCode.swift */,
				38F391731D4A57DD005F4A42 /* RequestBuilder.swift */,
				38F3918D1D4A5AE2005F4A42 /* RestApiProvider.swift */,
			);
			path = Rest;
			sourceTree = "<group>";
		};
		38F391771D4A587F005F4A42 /* CQRS */ = {
			isa = PBXGroup;
			children = (
				38F3917C1D4A58EE005F4A42 /* Command.swift */,
				38F3917D1D4A58EE005F4A42 /* CommandHandler.swift */,
				38F391801D4A58F9005F4A42 /* Executor.swift */,
				38F391781D4A58D9005F4A42 /* Query.swift */,
				38F391791D4A58D9005F4A42 /* QueryHandler.swift */,
			);
			path = CQRS;
			sourceTree = "<group>";
		};
		38F391841D4A5983005F4A42 /* Mappers */ = {
			isa = PBXGroup;
			children = (
				38F3918B1D4A59FF005F4A42 /* ArrayMapper.swift */,
				38F391871D4A59DE005F4A42 /* JsonMappable.swift */,
				38F391891D4A59E9005F4A42 /* NoContentMapper.swift */,
				38F391851D4A59BC005F4A42 /* ObjectMappable.swift */,
			);
			path = Mappers;
			sourceTree = "<group>";
		};
		B1C719E493AEF8D3A3B6330A /* Pods */ = {
			isa = PBXGroup;
			children = (
				459517C145CE71468CF27A37 /* Pods-peka.debug.xcconfig */,
				3DD5637EB6E58D6DB8BF16E1 /* Pods-peka.release.xcconfig */,
				263E1854A96347164565C55F /* Pods-pekaTests.debug.xcconfig */,
				F5DB40B2BE57C38384049AA8 /* Pods-pekaTests.release.xcconfig */,
			);
			name = Pods;
			sourceTree = "<group>";
		};
		D5CB4B0F6A4A0D388E4CE91C /* Frameworks */ = {
			isa = PBXGroup;
			children = (
				0C69FE4B7E69D0F004F07DB7 /* Pods_peka.framework */,
				9EA520050966D3BB131EDAFE /* Pods_pekaTests.framework */,
			);
			name = Frameworks;
			sourceTree = "<group>";
		};
/* End PBXGroup section */

/* Begin PBXNativeTarget section */
		38DAC1C01D4A49F4001DF664 /* peka */ = {
			isa = PBXNativeTarget;
			buildConfigurationList = 38DAC1DE1D4A49F4001DF664 /* Build configuration list for PBXNativeTarget "peka" */;
			buildPhases = (
				09B71BBF6B06C7D243D2709E /* [CP] Check Pods Manifest.lock */,
				38DAC1BD1D4A49F4001DF664 /* Sources */,
				38DAC1BE1D4A49F4001DF664 /* Frameworks */,
				38DAC1BF1D4A49F4001DF664 /* Resources */,
				87F0CAE7EEA76105A3A9C538 /* [CP] Embed Pods Frameworks */,
				F3058A542D1E4ED8620E88B0 /* [CP] Copy Pods Resources */,
			);
			buildRules = (
			);
			dependencies = (
			);
			name = peka;
			productName = peka;
			productReference = 38DAC1C11D4A49F4001DF664 /* peka.app */;
			productType = "com.apple.product-type.application";
		};
		38DAC1D41D4A49F4001DF664 /* pekaTests */ = {
			isa = PBXNativeTarget;
			buildConfigurationList = 38DAC1E11D4A49F4001DF664 /* Build configuration list for PBXNativeTarget "pekaTests" */;
			buildPhases = (
				C4F746E2C519419F59894B41 /* [CP] Check Pods Manifest.lock */,
				38DAC1D11D4A49F4001DF664 /* Sources */,
				38DAC1D21D4A49F4001DF664 /* Frameworks */,
				38DAC1D31D4A49F4001DF664 /* Resources */,
				BB6E55E40E10753E43C2081F /* [CP] Embed Pods Frameworks */,
				4ED3ED39C0786FE864691F60 /* [CP] Copy Pods Resources */,
			);
			buildRules = (
			);
			dependencies = (
				38DAC1D71D4A49F4001DF664 /* PBXTargetDependency */,
			);
			name = pekaTests;
			productName = pekaTests;
			productReference = 38DAC1D51D4A49F4001DF664 /* pekaTests.xctest */;
			productType = "com.apple.product-type.bundle.unit-test";
		};
/* End PBXNativeTarget section */

/* Begin PBXProject section */
		38DAC1B91D4A49F4001DF664 /* Project object */ = {
			isa = PBXProject;
			attributes = {
				LastSwiftUpdateCheck = 0730;
				LastUpgradeCheck = 0730;
				ORGANIZATIONNAME = WhallaLabs;
				TargetAttributes = {
					38DAC1C01D4A49F4001DF664 = {
						CreatedOnToolsVersion = 7.3.1;
					};
					38DAC1D41D4A49F4001DF664 = {
						CreatedOnToolsVersion = 7.3.1;
						TestTargetID = 38DAC1C01D4A49F4001DF664;
					};
				};
			};
			buildConfigurationList = 38DAC1BC1D4A49F4001DF664 /* Build configuration list for PBXProject "peka" */;
			compatibilityVersion = "Xcode 3.2";
			developmentRegion = English;
			hasScannedForEncodings = 0;
			knownRegions = (
				en,
				Base,
			);
			mainGroup = 38DAC1B81D4A49F4001DF664;
			productRefGroup = 38DAC1C21D4A49F4001DF664 /* Products */;
			projectDirPath = "";
			projectRoot = "";
			targets = (
				38DAC1C01D4A49F4001DF664 /* peka */,
				38DAC1D41D4A49F4001DF664 /* pekaTests */,
			);
		};
/* End PBXProject section */

/* Begin PBXResourcesBuildPhase section */
		38DAC1BF1D4A49F4001DF664 /* Resources */ = {
			isa = PBXResourcesBuildPhase;
			buildActionMask = 2147483647;
			files = (
				38DAC2001D4A4B7D001DF664 /* Hub.storyboard in Resources */,
				38DAC1CF1D4A49F4001DF664 /* LaunchScreen.storyboard in Resources */,
				38DAC1CC1D4A49F4001DF664 /* Assets.xcassets in Resources */,
				38DAC1F81D4A4B24001DF664 /* Start.storyboard in Resources */,
			);
			runOnlyForDeploymentPostprocessing = 0;
		};
		38DAC1D31D4A49F4001DF664 /* Resources */ = {
			isa = PBXResourcesBuildPhase;
			buildActionMask = 2147483647;
			files = (
			);
			runOnlyForDeploymentPostprocessing = 0;
		};
/* End PBXResourcesBuildPhase section */

/* Begin PBXShellScriptBuildPhase section */
		09B71BBF6B06C7D243D2709E /* [CP] Check Pods Manifest.lock */ = {
			isa = PBXShellScriptBuildPhase;
			buildActionMask = 2147483647;
			files = (
			);
			inputPaths = (
			);
			name = "[CP] Check Pods Manifest.lock";
			outputPaths = (
			);
			runOnlyForDeploymentPostprocessing = 0;
			shellPath = /bin/sh;
			shellScript = "diff \"${PODS_ROOT}/../Podfile.lock\" \"${PODS_ROOT}/Manifest.lock\" > /dev/null\nif [[ $? != 0 ]] ; then\n    cat << EOM\nerror: The sandbox is not in sync with the Podfile.lock. Run 'pod install' or update your CocoaPods installation.\nEOM\n    exit 1\nfi\n";
			showEnvVarsInLog = 0;
		};
		4ED3ED39C0786FE864691F60 /* [CP] Copy Pods Resources */ = {
			isa = PBXShellScriptBuildPhase;
			buildActionMask = 2147483647;
			files = (
			);
			inputPaths = (
			);
			name = "[CP] Copy Pods Resources";
			outputPaths = (
			);
			runOnlyForDeploymentPostprocessing = 0;
			shellPath = /bin/sh;
			shellScript = "\"${SRCROOT}/Pods/Target Support Files/Pods-pekaTests/Pods-pekaTests-resources.sh\"\n";
			showEnvVarsInLog = 0;
		};
		87F0CAE7EEA76105A3A9C538 /* [CP] Embed Pods Frameworks */ = {
			isa = PBXShellScriptBuildPhase;
			buildActionMask = 2147483647;
			files = (
			);
			inputPaths = (
			);
			name = "[CP] Embed Pods Frameworks";
			outputPaths = (
			);
			runOnlyForDeploymentPostprocessing = 0;
			shellPath = /bin/sh;
			shellScript = "\"${SRCROOT}/Pods/Target Support Files/Pods-peka/Pods-peka-frameworks.sh\"\n";
			showEnvVarsInLog = 0;
		};
		BB6E55E40E10753E43C2081F /* [CP] Embed Pods Frameworks */ = {
			isa = PBXShellScriptBuildPhase;
			buildActionMask = 2147483647;
			files = (
			);
			inputPaths = (
			);
			name = "[CP] Embed Pods Frameworks";
			outputPaths = (
			);
			runOnlyForDeploymentPostprocessing = 0;
			shellPath = /bin/sh;
			shellScript = "\"${SRCROOT}/Pods/Target Support Files/Pods-pekaTests/Pods-pekaTests-frameworks.sh\"\n";
			showEnvVarsInLog = 0;
		};
		C4F746E2C519419F59894B41 /* [CP] Check Pods Manifest.lock */ = {
			isa = PBXShellScriptBuildPhase;
			buildActionMask = 2147483647;
			files = (
			);
			inputPaths = (
			);
			name = "[CP] Check Pods Manifest.lock";
			outputPaths = (
			);
			runOnlyForDeploymentPostprocessing = 0;
			shellPath = /bin/sh;
			shellScript = "diff \"${PODS_ROOT}/../Podfile.lock\" \"${PODS_ROOT}/Manifest.lock\" > /dev/null\nif [[ $? != 0 ]] ; then\n    cat << EOM\nerror: The sandbox is not in sync with the Podfile.lock. Run 'pod install' or update your CocoaPods installation.\nEOM\n    exit 1\nfi\n";
			showEnvVarsInLog = 0;
		};
		F3058A542D1E4ED8620E88B0 /* [CP] Copy Pods Resources */ = {
			isa = PBXShellScriptBuildPhase;
			buildActionMask = 2147483647;
			files = (
			);
			inputPaths = (
			);
			name = "[CP] Copy Pods Resources";
			outputPaths = (
			);
			runOnlyForDeploymentPostprocessing = 0;
			shellPath = /bin/sh;
			shellScript = "\"${SRCROOT}/Pods/Target Support Files/Pods-peka/Pods-peka-resources.sh\"\n";
			showEnvVarsInLog = 0;
		};
/* End PBXShellScriptBuildPhase section */

/* Begin PBXSourcesBuildPhase section */
		38DAC1BD1D4A49F4001DF664 /* Sources */ = {
			isa = PBXSourcesBuildPhase;
			buildActionMask = 2147483647;
			files = (
				38F3917B1D4A58D9005F4A42 /* QueryHandler.swift in Sources */,
				38DAC1F91D4A4B24001DF664 /* StartViewConfigurator.swift in Sources */,
				38F391611D4A53A9005F4A42 /* ArrayExtensions.swift in Sources */,
				385736C51D4B40F700C8D772 /* Coordinates.swift in Sources */,
				385736FA1D4B59D800C8D772 /* StopPointsToSearchResultsConverter.swift in Sources */,
				385736DE1D4B4A1A00C8D772 /* PekaHttpHeadersProvider.swift in Sources */,
				384422101D4A5F9B007B44FA /* VariableExtensions.swift in Sources */,
				38DAC1FB1D4A4B24001DF664 /* StartViewModel.swift in Sources */,
				38F391671D4A5645005F4A42 /* UITableViewExtensions.swift in Sources */,
				385736F81D4B56AA00C8D772 /* PekaApiProviderExtension.swift in Sources */,
				385736CA1D4B418600C8D772 /* CoordinatesMapper.swift in Sources */,
				385736F61D4B531A00C8D772 /* RequestBodyBuilder.swift in Sources */,
				385736D91D4B470A00C8D772 /* GetStopPointPushpinsQuery.swift in Sources */,
				38F391701D4A576C005F4A42 /* HttpMethod.swift in Sources */,
				38DAC2011D4A4B7D001DF664 /* HubViewConfigurator.swift in Sources */,
				38F391721D4A57A0005F4A42 /* HttpResponseCode.swift in Sources */,
				385736F41D4B4F0E00C8D772 /* ResponseMapper.swift in Sources */,
				385736CD1D4B434700C8D772 /* StopPoint.swift in Sources */,
				38F391921D4A5C5D005F4A42 /* ApiProviderError.swift in Sources */,
				385736E81D4B4C1E00C8D772 /* LineMapper.swift in Sources */,
				38F391881D4A59DE005F4A42 /* JsonMappable.swift in Sources */,
				38F391961D4A5CFF005F4A42 /* SwinjectContainerExtensions.swift in Sources */,
				38F391861D4A59BC005F4A42 /* ObjectMappable.swift in Sources */,
				385736DA1D4B470A00C8D772 /* GetStopPointPushpinsQueryHandler.swift in Sources */,
				38F391551D4A5271005F4A42 /* Convertible.swift in Sources */,
				385736E61D4B4BC700C8D772 /* StreetMapper.swift in Sources */,
				385736EA1D4B4C6800C8D772 /* SearchResult.swift in Sources */,
				38F3918E1D4A5AE2005F4A42 /* RestApiProvider.swift in Sources */,
				38F391591D4A52A6005F4A42 /* XibLoader.swift in Sources */,
				38F3918C1D4A59FF005F4A42 /* ArrayMapper.swift in Sources */,
				38DAC1C51D4A49F4001DF664 /* AppDelegate.swift in Sources */,
				38F3918A1D4A59E9005F4A42 /* NoContentMapper.swift in Sources */,
				38F3917E1D4A58EE005F4A42 /* Command.swift in Sources */,
				385736F01D4B4CFC00C8D772 /* SearchQueryHandler.swift in Sources */,
				38F391691D4A5664005F4A42 /* ObservableExtensions.swift in Sources */,
				38F391571D4A528A005F4A42 /* NibLoadableView.swift in Sources */,
				38F3915B1D4A52C0005F4A42 /* ReusableView.swift in Sources */,
				385736D51D4B463B00C8D772 /* StopPointMapper.swift in Sources */,
				38DAC2031D4A4B7D001DF664 /* HubViewModel.swift in Sources */,
				38F391811D4A58F9005F4A42 /* Executor.swift in Sources */,
				385736EF1D4B4CFC00C8D772 /* SearchQuery.swift in Sources */,
				38F391511D4A523F005F4A42 /* Box.swift in Sources */,
				38F391941D4A5CBA005F4A42 /* NSMutableDataExtensions.swift in Sources */,
				38F391741D4A57DD005F4A42 /* RequestBuilder.swift in Sources */,
				38F391831D4A5952005F4A42 /* AttributedTextBuilder.swift in Sources */,
				385736FE1D4B5A9600C8D772 /* StreetsToSearchResultsConverter.swift in Sources */,
				38F3915D1D4A52DF005F4A42 /* SegueHandler.swift in Sources */,
				38F391901D4A5B28005F4A42 /* ApiProvider.swift in Sources */,
				38F391531D4A525C005F4A42 /* Configurable.swift in Sources */,
				38F3916C1D4A56ED005F4A42 /* HttpHeadersProvider.swift in Sources */,
				38F391651D4A560D005F4A42 /* UICollectionViewExtensions.swift in Sources */,
				385736FC1D4B5A5700C8D772 /* LinesToSearchResultsConverter.swift in Sources */,
				38F3917A1D4A58D9005F4A42 /* Query.swift in Sources */,
				385736DC1D4B47B300C8D772 /* ApiConfig.swift in Sources */,
				385736D11D4B43C500C8D772 /* StopPointPushpinMapper.swift in Sources */,
				38F3917F1D4A58EE005F4A42 /* CommandHandler.swift in Sources */,
				38DAC2021D4A4B7D001DF664 /* HubViewController.swift in Sources */,
				38F391981D4A5D1F005F4A42 /* DependencyInstaller.swift in Sources */,
				38F391631D4A54F3005F4A42 /* Filtering.swift in Sources */,
				385736CF1D4B437E00C8D772 /* StopPointPushpin.swift in Sources */,
				38F391761D4A5814005F4A42 /* StringExtensions.swift in Sources */,
				38F3916E1D4A5702005F4A42 /* HttpBodyParameter.swift in Sources */,
				38DAC1FA1D4A4B24001DF664 /* StartViewController.swift in Sources */,
			);
			runOnlyForDeploymentPostprocessing = 0;
		};
		38DAC1D11D4A49F4001DF664 /* Sources */ = {
			isa = PBXSourcesBuildPhase;
			buildActionMask = 2147483647;
			files = (
			);
			runOnlyForDeploymentPostprocessing = 0;
		};
/* End PBXSourcesBuildPhase section */

/* Begin PBXTargetDependency section */
		38DAC1D71D4A49F4001DF664 /* PBXTargetDependency */ = {
			isa = PBXTargetDependency;
			target = 38DAC1C01D4A49F4001DF664 /* peka */;
			targetProxy = 38DAC1D61D4A49F4001DF664 /* PBXContainerItemProxy */;
		};
/* End PBXTargetDependency section */

/* Begin PBXVariantGroup section */
		38DAC1CD1D4A49F4001DF664 /* LaunchScreen.storyboard */ = {
			isa = PBXVariantGroup;
			children = (
				38DAC1CE1D4A49F4001DF664 /* Base */,
			);
			name = LaunchScreen.storyboard;
			path = .;
			sourceTree = "<group>";
		};
/* End PBXVariantGroup section */

/* Begin XCBuildConfiguration section */
		38DAC1DC1D4A49F4001DF664 /* Debug */ = {
			isa = XCBuildConfiguration;
			buildSettings = {
				ALWAYS_SEARCH_USER_PATHS = NO;
				CLANG_ANALYZER_NONNULL = YES;
				CLANG_CXX_LANGUAGE_STANDARD = "gnu++0x";
				CLANG_CXX_LIBRARY = "libc++";
				CLANG_ENABLE_MODULES = YES;
				CLANG_ENABLE_OBJC_ARC = YES;
				CLANG_WARN_BOOL_CONVERSION = YES;
				CLANG_WARN_CONSTANT_CONVERSION = YES;
				CLANG_WARN_DIRECT_OBJC_ISA_USAGE = YES_ERROR;
				CLANG_WARN_EMPTY_BODY = YES;
				CLANG_WARN_ENUM_CONVERSION = YES;
				CLANG_WARN_INT_CONVERSION = YES;
				CLANG_WARN_OBJC_ROOT_CLASS = YES_ERROR;
				CLANG_WARN_UNREACHABLE_CODE = YES;
				CLANG_WARN__DUPLICATE_METHOD_MATCH = YES;
				"CODE_SIGN_IDENTITY[sdk=iphoneos*]" = "iPhone Developer";
				COPY_PHASE_STRIP = NO;
				DEBUG_INFORMATION_FORMAT = dwarf;
				ENABLE_STRICT_OBJC_MSGSEND = YES;
				ENABLE_TESTABILITY = YES;
				GCC_C_LANGUAGE_STANDARD = gnu99;
				GCC_DYNAMIC_NO_PIC = NO;
				GCC_NO_COMMON_BLOCKS = YES;
				GCC_OPTIMIZATION_LEVEL = 0;
				GCC_PREPROCESSOR_DEFINITIONS = (
					"DEBUG=1",
					"$(inherited)",
				);
				GCC_WARN_64_TO_32_BIT_CONVERSION = YES;
				GCC_WARN_ABOUT_RETURN_TYPE = YES_ERROR;
				GCC_WARN_UNDECLARED_SELECTOR = YES;
				GCC_WARN_UNINITIALIZED_AUTOS = YES_AGGRESSIVE;
				GCC_WARN_UNUSED_FUNCTION = YES;
				GCC_WARN_UNUSED_VARIABLE = YES;
				IPHONEOS_DEPLOYMENT_TARGET = 9.3;
				MTL_ENABLE_DEBUG_INFO = YES;
				ONLY_ACTIVE_ARCH = YES;
				SDKROOT = iphoneos;
				SWIFT_OPTIMIZATION_LEVEL = "-Onone";
			};
			name = Debug;
		};
		38DAC1DD1D4A49F4001DF664 /* Release */ = {
			isa = XCBuildConfiguration;
			buildSettings = {
				ALWAYS_SEARCH_USER_PATHS = NO;
				CLANG_ANALYZER_NONNULL = YES;
				CLANG_CXX_LANGUAGE_STANDARD = "gnu++0x";
				CLANG_CXX_LIBRARY = "libc++";
				CLANG_ENABLE_MODULES = YES;
				CLANG_ENABLE_OBJC_ARC = YES;
				CLANG_WARN_BOOL_CONVERSION = YES;
				CLANG_WARN_CONSTANT_CONVERSION = YES;
				CLANG_WARN_DIRECT_OBJC_ISA_USAGE = YES_ERROR;
				CLANG_WARN_EMPTY_BODY = YES;
				CLANG_WARN_ENUM_CONVERSION = YES;
				CLANG_WARN_INT_CONVERSION = YES;
				CLANG_WARN_OBJC_ROOT_CLASS = YES_ERROR;
				CLANG_WARN_UNREACHABLE_CODE = YES;
				CLANG_WARN__DUPLICATE_METHOD_MATCH = YES;
				"CODE_SIGN_IDENTITY[sdk=iphoneos*]" = "iPhone Developer";
				COPY_PHASE_STRIP = NO;
				DEBUG_INFORMATION_FORMAT = "dwarf-with-dsym";
				ENABLE_NS_ASSERTIONS = NO;
				ENABLE_STRICT_OBJC_MSGSEND = YES;
				GCC_C_LANGUAGE_STANDARD = gnu99;
				GCC_NO_COMMON_BLOCKS = YES;
				GCC_WARN_64_TO_32_BIT_CONVERSION = YES;
				GCC_WARN_ABOUT_RETURN_TYPE = YES_ERROR;
				GCC_WARN_UNDECLARED_SELECTOR = YES;
				GCC_WARN_UNINITIALIZED_AUTOS = YES_AGGRESSIVE;
				GCC_WARN_UNUSED_FUNCTION = YES;
				GCC_WARN_UNUSED_VARIABLE = YES;
				IPHONEOS_DEPLOYMENT_TARGET = 9.3;
				MTL_ENABLE_DEBUG_INFO = NO;
				SDKROOT = iphoneos;
				VALIDATE_PRODUCT = YES;
			};
			name = Release;
		};
		38DAC1DF1D4A49F4001DF664 /* Debug */ = {
			isa = XCBuildConfiguration;
			baseConfigurationReference = 459517C145CE71468CF27A37 /* Pods-peka.debug.xcconfig */;
			buildSettings = {
				ASSETCATALOG_COMPILER_APPICON_NAME = AppIcon;
				CODE_SIGN_IDENTITY = "iPhone Developer";
				INFOPLIST_FILE = peka/Info.plist;
				IPHONEOS_DEPLOYMENT_TARGET = 9.0;
				LD_RUNPATH_SEARCH_PATHS = "$(inherited) @executable_path/Frameworks";
				PRODUCT_BUNDLE_IDENTIFIER = com.whallalabs.peka;
				PRODUCT_NAME = "$(TARGET_NAME)";
			};
			name = Debug;
		};
		38DAC1E01D4A49F4001DF664 /* Release */ = {
			isa = XCBuildConfiguration;
			baseConfigurationReference = 3DD5637EB6E58D6DB8BF16E1 /* Pods-peka.release.xcconfig */;
			buildSettings = {
				ASSETCATALOG_COMPILER_APPICON_NAME = AppIcon;
				CODE_SIGN_IDENTITY = "iPhone Developer";
				INFOPLIST_FILE = peka/Info.plist;
				IPHONEOS_DEPLOYMENT_TARGET = 9.0;
				LD_RUNPATH_SEARCH_PATHS = "$(inherited) @executable_path/Frameworks";
				PRODUCT_BUNDLE_IDENTIFIER = com.whallalabs.peka;
				PRODUCT_NAME = "$(TARGET_NAME)";
			};
			name = Release;
		};
		38DAC1E21D4A49F4001DF664 /* Debug */ = {
			isa = XCBuildConfiguration;
			baseConfigurationReference = 263E1854A96347164565C55F /* Pods-pekaTests.debug.xcconfig */;
			buildSettings = {
				BUNDLE_LOADER = "$(TEST_HOST)";
				INFOPLIST_FILE = pekaTests/Info.plist;
				LD_RUNPATH_SEARCH_PATHS = "$(inherited) @executable_path/Frameworks @loader_path/Frameworks";
				PRODUCT_BUNDLE_IDENTIFIER = com.whallalabs.pekaTests;
				PRODUCT_NAME = "$(TARGET_NAME)";
				TEST_HOST = "$(BUILT_PRODUCTS_DIR)/peka.app/peka";
			};
			name = Debug;
		};
		38DAC1E31D4A49F4001DF664 /* Release */ = {
			isa = XCBuildConfiguration;
			baseConfigurationReference = F5DB40B2BE57C38384049AA8 /* Pods-pekaTests.release.xcconfig */;
			buildSettings = {
				BUNDLE_LOADER = "$(TEST_HOST)";
				INFOPLIST_FILE = pekaTests/Info.plist;
				LD_RUNPATH_SEARCH_PATHS = "$(inherited) @executable_path/Frameworks @loader_path/Frameworks";
				PRODUCT_BUNDLE_IDENTIFIER = com.whallalabs.pekaTests;
				PRODUCT_NAME = "$(TARGET_NAME)";
				TEST_HOST = "$(BUILT_PRODUCTS_DIR)/peka.app/peka";
			};
			name = Release;
		};
/* End XCBuildConfiguration section */

/* Begin XCConfigurationList section */
		38DAC1BC1D4A49F4001DF664 /* Build configuration list for PBXProject "peka" */ = {
			isa = XCConfigurationList;
			buildConfigurations = (
				38DAC1DC1D4A49F4001DF664 /* Debug */,
				38DAC1DD1D4A49F4001DF664 /* Release */,
			);
			defaultConfigurationIsVisible = 0;
			defaultConfigurationName = Release;
		};
		38DAC1DE1D4A49F4001DF664 /* Build configuration list for PBXNativeTarget "peka" */ = {
			isa = XCConfigurationList;
			buildConfigurations = (
				38DAC1DF1D4A49F4001DF664 /* Debug */,
				38DAC1E01D4A49F4001DF664 /* Release */,
			);
			defaultConfigurationIsVisible = 0;
			defaultConfigurationName = Release;
		};
		38DAC1E11D4A49F4001DF664 /* Build configuration list for PBXNativeTarget "pekaTests" */ = {
			isa = XCConfigurationList;
			buildConfigurations = (
				38DAC1E21D4A49F4001DF664 /* Debug */,
				38DAC1E31D4A49F4001DF664 /* Release */,
			);
			defaultConfigurationIsVisible = 0;
			defaultConfigurationName = Release;
		};
/* End XCConfigurationList section */
	};
	rootObject = 38DAC1B91D4A49F4001DF664 /* Project object */;
}
